
Microsoft Visual Studio Solution File, Format Version 12.00
# Visual Studio Version 17
VisualStudioVersion = 17.13.35825.156 d17.13
MinimumVisualStudioVersion = 10.0.40219.1
Project("{FAE04EC0-301F-11D3-BF4B-00C04F79EFBC}") = "EmployeeExplorer", "EmployeeExplorer.csproj", "{7840A4BC-1325-4C89-B47E-53FADC37FE62}"
EndProject
Global
	GlobalSection(SolutionConfigurationPlatforms) = preSolution
		Debug|Any CPU = Debug|Any CPU
		Release|Any CPU = Release|Any CPU
	EndGlobalSection
	GlobalSection(ProjectConfigurationPlatforms) = postSolution
		{7840A4BC-1325-4C89-B47E-53FADC37FE62}.Debug|Any CPU.ActiveCfg = Debug|Any CPU
		{7840A4BC-1325-4C89-B47E-53FADC37FE62}.Debug|Any CPU.Build.0 = Debug|Any CPU
		{7840A4BC-1325-4C89-B47E-53FADC37FE62}.Release|Any CPU.ActiveCfg = Release|Any CPU
		{7840A4BC-1325-4C89-B47E-53FADC37FE62}.Release|Any CPU.Build.0 = Release|Any CPU
	EndGlobalSection
	GlobalSection(SolutionProperties) = preSolution
		HideSolutionNode = FALSE
	EndGlobalSection
	GlobalSection(ExtensibilityGlobals) = postSolution
		SolutionGuid = {727C826F-DFB6-4B4C-9121-B3E32B9BE236}
	EndGlobalSection
EndGlobal
